// !$*UTF8*$!
{
	archiveVersion = 1;
	classes = {
	};
	objectVersion = 77;
	objects = {

/* Begin PBXBuildFile section */
		FCD30AE72DCC3DF600271401 /* SnapKit in Frameworks */ = {isa = PBXBuildFile; productRef = FCD30AE62DCC3DF600271401 /* SnapKit */; };
/* End PBXBuildFile section */

/* Begin PBXContainerItemProxy section */
		FCD309EF2DCBC14200271401 /* PBXContainerItemProxy */ = {
			isa = PBXContainerItemProxy;
			containerPortal = FCD309D02DCBC14100271401 /* Project object */;
			proxyType = 1;
			remoteGlobalIDString = FCD309D72DCBC14100271401;
			remoteInfo = LevelUp;
		};
		FCD309F92DCBC14200271401 /* PBXContainerItemProxy */ = {
			isa = PBXContainerItemProxy;
			containerPortal = FCD309D02DCBC14100271401 /* Project object */;
			proxyType = 1;
			remoteGlobalIDString = FCD309D72DCBC14100271401;
			remoteInfo = LevelUp;
		};
/* End PBXContainerItemProxy section */

/* Begin PBXFileReference section */
		FCD309D82DCBC14100271401 /* LevelUp.app */ = {isa = PBXFileReference; explicitFileType = wrapper.application; includeInIndex = 0; path = LevelUp.app; sourceTree = BUILT_PRODUCTS_DIR; };
		FCD309EE2DCBC14200271401 /* LevelUpTests.xctest */ = {isa = PBXFileReference; explicitFileType = wrapper.cfbundle; includeInIndex = 0; path = LevelUpTests.xctest; sourceTree = BUILT_PRODUCTS_DIR; };
		FCD309F82DCBC14200271401 /* LevelUpUITests.xctest */ = {isa = PBXFileReference; explicitFileType = wrapper.cfbundle; includeInIndex = 0; path = LevelUpUITests.xctest; sourceTree = BUILT_PRODUCTS_DIR; };
/* End PBXFileReference section */

/* Begin PBXFileSystemSynchronizedBuildFileExceptionSet section */
		FCD30A002DCBC14200271401 /* Exceptions for "LevelUp" folder in "LevelUp" target */ = {
			isa = PBXFileSystemSynchronizedBuildFileExceptionSet;
			membershipExceptions = (
				Resources/Info.plist,
			);
			target = FCD309D72DCBC14100271401 /* LevelUp */;
		};
/* End PBXFileSystemSynchronizedBuildFileExceptionSet section */

/* Begin PBXFileSystemSynchronizedRootGroup section */
		FCD309DA2DCBC14100271401 /* LevelUp */ = {
			isa = PBXFileSystemSynchronizedRootGroup;
			exceptions = (
				FCD30A002DCBC14200271401 /* Exceptions for "LevelUp" folder in "LevelUp" target */,
			);
			path = LevelUp;
			sourceTree = "<group>";
		};
		FCD309F12DCBC14200271401 /* LevelUpTests */ = {
			isa = PBXFileSystemSynchronizedRootGroup;
			path = LevelUpTests;
			sourceTree = "<group>";
		};
		FCD309FB2DCBC14200271401 /* LevelUpUITests */ = {
			isa = PBXFileSystemSynchronizedRootGroup;
			path = LevelUpUITests;
			sourceTree = "<group>";
		};
/* End PBXFileSystemSynchronizedRootGroup section */

/* Begin PBXFrameworksBuildPhase section */
		FCD309D52DCBC14100271401 /* Frameworks */ = {
			isa = PBXFrameworksBuildPhase;
			buildActionMask = 2147483647;
			files = (
				FCD30AE72DCC3DF600271401 /* SnapKit in Frameworks */,
			);
			runOnlyForDeploymentPostprocessing = 0;
		};
		FCD309EB2DCBC14200271401 /* Frameworks */ = {
			isa = PBXFrameworksBuildPhase;
			buildActionMask = 2147483647;
			files = (
			);
			runOnlyForDeploymentPostprocessing = 0;
		};
		FCD309F52DCBC14200271401 /* Frameworks */ = {
			isa = PBXFrameworksBuildPhase;
			buildActionMask = 2147483647;
			files = (
			);
			runOnlyForDeploymentPostprocessing = 0;
		};
/* End PBXFrameworksBuildPhase section */

/* Begin PBXGroup section */
		FCD309CF2DCBC14100271401 = {
			isa = PBXGroup;
			children = (
				FCD309DA2DCBC14100271401 /* LevelUp */,
				FCD309F12DCBC14200271401 /* LevelUpTests */,
				FCD309FB2DCBC14200271401 /* LevelUpUITests */,
				FCD309D92DCBC14100271401 /* Products */,
			);
			sourceTree = "<group>";
		};
		FCD309D92DCBC14100271401 /* Products */ = {
			isa = PBXGroup;
			children = (
				FCD309D82DCBC14100271401 /* LevelUp.app */,
				FCD309EE2DCBC14200271401 /* LevelUpTests.xctest */,
				FCD309F82DCBC14200271401 /* LevelUpUITests.xctest */,
			);
			name = Products;
			sourceTree = "<group>";
		};
/* End PBXGroup section */

/* Begin PBXNativeTarget section */
		FCD309D72DCBC14100271401 /* LevelUp */ = {
			isa = PBXNativeTarget;
			buildConfigurationList = FCD30A012DCBC14200271401 /* Build configuration list for PBXNativeTarget "LevelUp" */;
			buildPhases = (
				FCD309D42DCBC14100271401 /* Sources */,
				FCD309D52DCBC14100271401 /* Frameworks */,
				FCD309D62DCBC14100271401 /* Resources */,
			);
			buildRules = (
			);
			dependencies = (
			);
			fileSystemSynchronizedGroups = (
				FCD309DA2DCBC14100271401 /* LevelUp */,
			);
			name = LevelUp;
			packageProductDependencies = (
				FCD30AE62DCC3DF600271401 /* SnapKit */,
			);
			productName = LevelUp;
			productReference = FCD309D82DCBC14100271401 /* LevelUp.app */;
			productType = "com.apple.product-type.application";
		};
		FCD309ED2DCBC14200271401 /* LevelUpTests */ = {
			isa = PBXNativeTarget;
			buildConfigurationList = FCD30A062DCBC14200271401 /* Build configuration list for PBXNativeTarget "LevelUpTests" */;
			buildPhases = (
				FCD309EA2DCBC14200271401 /* Sources */,
				FCD309EB2DCBC14200271401 /* Frameworks */,
				FCD309EC2DCBC14200271401 /* Resources */,
			);
			buildRules = (
			);
			dependencies = (
				FCD309F02DCBC14200271401 /* PBXTargetDependency */,
			);
			fileSystemSynchronizedGroups = (
				FCD309F12DCBC14200271401 /* LevelUpTests */,
			);
			name = LevelUpTests;
			packageProductDependencies = (
			);
			productName = LevelUpTests;
			productReference = FCD309EE2DCBC14200271401 /* LevelUpTests.xctest */;
			productType = "com.apple.product-type.bundle.unit-test";
		};
		FCD309F72DCBC14200271401 /* LevelUpUITests */ = {
			isa = PBXNativeTarget;
			buildConfigurationList = FCD30A092DCBC14200271401 /* Build configuration list for PBXNativeTarget "LevelUpUITests" */;
			buildPhases = (
				FCD309F42DCBC14200271401 /* Sources */,
				FCD309F52DCBC14200271401 /* Frameworks */,
				FCD309F62DCBC14200271401 /* Resources */,
			);
			buildRules = (
			);
			dependencies = (
				FCD309FA2DCBC14200271401 /* PBXTargetDependency */,
			);
			fileSystemSynchronizedGroups = (
				FCD309FB2DCBC14200271401 /* LevelUpUITests */,
			);
			name = LevelUpUITests;
			packageProductDependencies = (
			);
			productName = LevelUpUITests;
			productReference = FCD309F82DCBC14200271401 /* LevelUpUITests.xctest */;
			productType = "com.apple.product-type.bundle.ui-testing";
		};
/* End PBXNativeTarget section */

/* Begin PBXProject section */
		FCD309D02DCBC14100271401 /* Project object */ = {
			isa = PBXProject;
			attributes = {
				BuildIndependentTargetsInParallel = 1;
				LastSwiftUpdateCheck = 1630;
				LastUpgradeCheck = 1630;
				TargetAttributes = {
					FCD309D72DCBC14100271401 = {
						CreatedOnToolsVersion = 16.3;
					};
					FCD309ED2DCBC14200271401 = {
						CreatedOnToolsVersion = 16.3;
						TestTargetID = FCD309D72DCBC14100271401;
					};
					FCD309F72DCBC14200271401 = {
						CreatedOnToolsVersion = 16.3;
						TestTargetID = FCD309D72DCBC14100271401;
					};
				};
			};
			buildConfigurationList = FCD309D32DCBC14100271401 /* Build configuration list for PBXProject "LevelUp" */;
			developmentRegion = en;
			hasScannedForEncodings = 0;
			knownRegions = (
				en,
				Base,
			);
			mainGroup = FCD309CF2DCBC14100271401;
			minimizedProjectReferenceProxies = 1;
			packageReferences = (
				FCD30AE52DCC3DF600271401 /* XCRemoteSwiftPackageReference "SnapKit" */,
			);
			preferredProjectObjectVersion = 77;
			productRefGroup = FCD309D92DCBC14100271401 /* Products */;
			projectDirPath = "";
			projectRoot = "";
			targets = (
				FCD309D72DCBC14100271401 /* LevelUp */,
				FCD309ED2DCBC14200271401 /* LevelUpTests */,
				FCD309F72DCBC14200271401 /* LevelUpUITests */,
			);
		};
/* End PBXProject section */

/* Begin PBXResourcesBuildPhase section */
		FCD309D62DCBC14100271401 /* Resources */ = {
			isa = PBXResourcesBuildPhase;
			buildActionMask = 2147483647;
			files = (
			);
			runOnlyForDeploymentPostprocessing = 0;
		};
		FCD309EC2DCBC14200271401 /* Resources */ = {
			isa = PBXResourcesBuildPhase;
			buildActionMask = 2147483647;
			files = (
			);
			runOnlyForDeploymentPostprocessing = 0;
		};
		FCD309F62DCBC14200271401 /* Resources */ = {
			isa = PBXResourcesBuildPhase;
			buildActionMask = 2147483647;
			files = (
			);
			runOnlyForDeploymentPostprocessing = 0;
		};
/* End PBXResourcesBuildPhase section */

/* Begin PBXSourcesBuildPhase section */
		FCD309D42DCBC14100271401 /* Sources */ = {
			isa = PBXSourcesBuildPhase;
			buildActionMask = 2147483647;
			files = (
			);
			runOnlyForDeploymentPostprocessing = 0;
		};
		FCD309EA2DCBC14200271401 /* Sources */ = {
			isa = PBXSourcesBuildPhase;
			buildActionMask = 2147483647;
			files = (
			);
			runOnlyForDeploymentPostprocessing = 0;
		};
		FCD309F42DCBC14200271401 /* Sources */ = {
			isa = PBXSourcesBuildPhase;
			buildActionMask = 2147483647;
			files = (
			);
			runOnlyForDeploymentPostprocessing = 0;
		};
/* End PBXSourcesBuildPhase section */

/* Begin PBXTargetDependency section */
		FCD309F02DCBC14200271401 /* PBXTargetDependency */ = {
			isa = PBXTargetDependency;
			target = FCD309D72DCBC14100271401 /* LevelUp */;
			targetProxy = FCD309EF2DCBC14200271401 /* PBXContainerItemProxy */;
		};
		FCD309FA2DCBC14200271401 /* PBXTargetDependency */ = {
			isa = PBXTargetDependency;
			target = FCD309D72DCBC14100271401 /* LevelUp */;
			targetProxy = FCD309F92DCBC14200271401 /* PBXContainerItemProxy */;
		};
/* End PBXTargetDependency section */

/* Begin XCBuildConfiguration section */
		FCD30A022DCBC14200271401 /* Debug */ = {
			isa = XCBuildConfiguration;
			buildSettings = {
				ASSETCATALOG_COMPILER_APPICON_NAME = AppIcon;
				ASSETCATALOG_COMPILER_GLOBAL_ACCENT_COLOR_NAME = AccentColor;
				CODE_SIGN_STYLE = Automatic;
				CURRENT_PROJECT_VERSION = 1;
				GENERATE_INFOPLIST_FILE = YES;
				INFOPLIST_FILE = LevelUp/Resources/Info.plist;
				INFOPLIST_KEY_UIApplicationSupportsIndirectInputEvents = YES;
				INFOPLIST_KEY_UILaunchStoryboardName = LaunchScreen;
				INFOPLIST_KEY_UISupportedInterfaceOrientations_iPad = "UIInterfaceOrientationPortrait UIInterfaceOrientationPortraitUpsideDown UIInterfaceOrientationLandscapeLeft UIInterfaceOrientationLandscapeRight";
				INFOPLIST_KEY_UISupportedInterfaceOrientations_iPhone = "UIInterfaceOrientationPortrait UIInterfaceOrientationLandscapeLeft UIInterfaceOrientationLandscapeRight";
				LD_RUNPATH_SEARCH_PATHS = (
					"$(inherited)",
					"@executable_path/Frameworks",
				);
				MARKETING_VERSION = 1.0;
				PRODUCT_BUNDLE_IDENTIFIER = com.marianoabi.LevelUp;
				PRODUCT_NAME = "$(TARGET_NAME)";
				SWIFT_EMIT_LOC_STRINGS = YES;
				SWIFT_VERSION = 5.0;
				TARGETED_DEVICE_FAMILY = "1,2";
			};
			name = Debug;
		};
		FCD30A032DCBC14200271401 /* Release */ = {
			isa = XCBuildConfiguration;
			buildSettings = {
				ASSETCATALOG_COMPILER_APPICON_NAME = AppIcon;
				ASSETCATALOG_COMPILER_GLOBAL_ACCENT_COLOR_NAME = AccentColor;
				CODE_SIGN_STYLE = Automatic;
				CURRENT_PROJECT_VERSION = 1;
				GENERATE_INFOPLIST_FILE = YES;
				INFOPLIST_FILE = LevelUp/Resources/Info.plist;
				INFOPLIST_KEY_UIApplicationSupportsIndirectInputEvents = YES;
				INFOPLIST_KEY_UILaunchStoryboardName = LaunchScreen;
				INFOPLIST_KEY_UISupportedInterfaceOrientations_iPad = "UIInterfaceOrientationPortrait UIInterfaceOrientationPortraitUpsideDown UIInterfaceOrientationLandscapeLeft UIInterfaceOrientationLandscapeRight";
				INFOPLIST_KEY_UISupportedInterfaceOrientations_iPhone = "UIInterfaceOrientationPortrait UIInterfaceOrientationLandscapeLeft UIInterfaceOrientationLandscapeRight";
				LD_RUNPATH_SEARCH_PATHS = (
					"$(inherited)",
					"@executable_path/Frameworks",
				);
				MARKETING_VERSION = 1.0;
				PRODUCT_BUNDLE_IDENTIFIER = com.marianoabi.LevelUp;
				PRODUCT_NAME = "$(TARGET_NAME)";
				SWIFT_EMIT_LOC_STRINGS = YES;
				SWIFT_VERSION = 5.0;
				TARGETED_DEVICE_FAMILY = "1,2";
			};
			name = Release;
		};
		FCD30A042DCBC14200271401 /* Debug */ = {
			isa = XCBuildConfiguration;
			buildSettings = {
				ALWAYS_SEARCH_USER_PATHS = NO;
				ASSETCATALOG_COMPILER_GENERATE_SWIFT_ASSET_SYMBOL_EXTENSIONS = YES;
				CLANG_ANALYZER_NONNULL = YES;
				CLANG_ANALYZER_NUMBER_OBJECT_CONVERSION = YES_AGGRESSIVE;
				CLANG_CXX_LANGUAGE_STANDARD = "gnu++20";
				CLANG_ENABLE_MODULES = YES;
				CLANG_ENABLE_OBJC_ARC = YES;
				CLANG_ENABLE_OBJC_WEAK = YES;
				CLANG_WARN_BLOCK_CAPTURE_AUTORELEASING = YES;
				CLANG_WARN_BOOL_CONVERSION = YES;
				CLANG_WARN_COMMA = YES;
				CLANG_WARN_CONSTANT_CONVERSION = YES;
				CLANG_WARN_DEPRECATED_OBJC_IMPLEMENTATIONS = YES;
				CLANG_WARN_DIRECT_OBJC_ISA_USAGE = YES_ERROR;
				CLANG_WARN_DOCUMENTATION_COMMENTS = YES;
				CLANG_WARN_EMPTY_BODY = YES;
				CLANG_WARN_ENUM_CONVERSION = YES;
				CLANG_WARN_INFINITE_RECURSION = YES;
				CLANG_WARN_INT_CONVERSION = YES;
				CLANG_WARN_NON_LITERAL_NULL_CONVERSION = YES;
				CLANG_WARN_OBJC_IMPLICIT_RETAIN_SELF = YES;
				CLANG_WARN_OBJC_LITERAL_CONVERSION = YES;
				CLANG_WARN_OBJC_ROOT_CLASS = YES_ERROR;
				CLANG_WARN_QUOTED_INCLUDE_IN_FRAMEWORK_HEADER = YES;
				CLANG_WARN_RANGE_LOOP_ANALYSIS = YES;
				CLANG_WARN_STRICT_PROTOTYPES = YES;
				CLANG_WARN_SUSPICIOUS_MOVE = YES;
				CLANG_WARN_UNGUARDED_AVAILABILITY = YES_AGGRESSIVE;
				CLANG_WARN_UNREACHABLE_CODE = YES;
				CLANG_WARN__DUPLICATE_METHOD_MATCH = YES;
				COPY_PHASE_STRIP = NO;
				DEBUG_INFORMATION_FORMAT = dwarf;
				ENABLE_STRICT_OBJC_MSGSEND = YES;
				ENABLE_TESTABILITY = YES;
				ENABLE_USER_SCRIPT_SANDBOXING = YES;
				GCC_C_LANGUAGE_STANDARD = gnu17;
				GCC_DYNAMIC_NO_PIC = NO;
				GCC_NO_COMMON_BLOCKS = YES;
				GCC_OPTIMIZATION_LEVEL = 0;
				GCC_PREPROCESSOR_DEFINITIONS = (
					"DEBUG=1",
					"$(inherited)",
				);
				GCC_WARN_64_TO_32_BIT_CONVERSION = YES;
				GCC_WARN_ABOUT_RETURN_TYPE = YES_ERROR;
				GCC_WARN_UNDECLARED_SELECTOR = YES;
				GCC_WARN_UNINITIALIZED_AUTOS = YES_AGGRESSIVE;
				GCC_WARN_UNUSED_FUNCTION = YES;
				GCC_WARN_UNUSED_VARIABLE = YES;
				IPHONEOS_DEPLOYMENT_TARGET = 18.4;
				LOCALIZATION_PREFERS_STRING_CATALOGS = YES;
				MTL_ENABLE_DEBUG_INFO = INCLUDE_SOURCE;
				MTL_FAST_MATH = YES;
				ONLY_ACTIVE_ARCH = YES;
				SDKROOT = iphoneos;
				SWIFT_ACTIVE_COMPILATION_CONDITIONS = "DEBUG $(inherited)";
				SWIFT_OPTIMIZATION_LEVEL = "-Onone";
			};
			name = Debug;
		};
		FCD30A052DCBC14200271401 /* Release */ = {
			isa = XCBuildConfiguration;
			buildSettings = {
				ALWAYS_SEARCH_USER_PATHS = NO;
				ASSETCATALOG_COMPILER_GENERATE_SWIFT_ASSET_SYMBOL_EXTENSIONS = YES;
				CLANG_ANALYZER_NONNULL = YES;
				CLANG_ANALYZER_NUMBER_OBJECT_CONVERSION = YES_AGGRESSIVE;
				CLANG_CXX_LANGUAGE_STANDARD = "gnu++20";
				CLANG_ENABLE_MODULES = YES;
				CLANG_ENABLE_OBJC_ARC = YES;
				CLANG_ENABLE_OBJC_WEAK = YES;
				CLANG_WARN_BLOCK_CAPTURE_AUTORELEASING = YES;
				CLANG_WARN_BOOL_CONVERSION = YES;
				CLANG_WARN_COMMA = YES;
				CLANG_WARN_CONSTANT_CONVERSION = YES;
				CLANG_WARN_DEPRECATED_OBJC_IMPLEMENTATIONS = YES;
				CLANG_WARN_DIRECT_OBJC_ISA_USAGE = YES_ERROR;
				CLANG_WARN_DOCUMENTATION_COMMENTS = YES;
				CLANG_WARN_EMPTY_BODY = YES;
				CLANG_WARN_ENUM_CONVERSION = YES;
				CLANG_WARN_INFINITE_RECURSION = YES;
				CLANG_WARN_INT_CONVERSION = YES;
				CLANG_WARN_NON_LITERAL_NULL_CONVERSION = YES;
				CLANG_WARN_OBJC_IMPLICIT_RETAIN_SELF = YES;
				CLANG_WARN_OBJC_LITERAL_CONVERSION = YES;
				CLANG_WARN_OBJC_ROOT_CLASS = YES_ERROR;
				CLANG_WARN_QUOTED_INCLUDE_IN_FRAMEWORK_HEADER = YES;
				CLANG_WARN_RANGE_LOOP_ANALYSIS = YES;
				CLANG_WARN_STRICT_PROTOTYPES = YES;
				CLANG_WARN_SUSPICIOUS_MOVE = YES;
				CLANG_WARN_UNGUARDED_AVAILABILITY = YES_AGGRESSIVE;
				CLANG_WARN_UNREACHABLE_CODE = YES;
				CLANG_WARN__DUPLICATE_METHOD_MATCH = YES;
				COPY_PHASE_STRIP = NO;
				DEBUG_INFORMATION_FORMAT = "dwarf-with-dsym";
				ENABLE_NS_ASSERTIONS = NO;
				ENABLE_STRICT_OBJC_MSGSEND = YES;
				ENABLE_USER_SCRIPT_SANDBOXING = YES;
				GCC_C_LANGUAGE_STANDARD = gnu17;
				GCC_NO_COMMON_BLOCKS = YES;
				GCC_WARN_64_TO_32_BIT_CONVERSION = YES;
				GCC_WARN_ABOUT_RETURN_TYPE = YES_ERROR;
				GCC_WARN_UNDECLARED_SELECTOR = YES;
				GCC_WARN_UNINITIALIZED_AUTOS = YES_AGGRESSIVE;
				GCC_WARN_UNUSED_FUNCTION = YES;
				GCC_WARN_UNUSED_VARIABLE = YES;
				IPHONEOS_DEPLOYMENT_TARGET = 18.4;
				LOCALIZATION_PREFERS_STRING_CATALOGS = YES;
				MTL_ENABLE_DEBUG_INFO = NO;
				MTL_FAST_MATH = YES;
				SDKROOT = iphoneos;
				SWIFT_COMPILATION_MODE = wholemodule;
				VALIDATE_PRODUCT = YES;
			};
			name = Release;
		};
		FCD30A072DCBC14200271401 /* Debug */ = {
			isa = XCBuildConfiguration;
			buildSettings = {
				BUNDLE_LOADER = "$(TEST_HOST)";
				CODE_SIGN_STYLE = Automatic;
				CURRENT_PROJECT_VERSION = 1;
				GENERATE_INFOPLIST_FILE = YES;
				IPHONEOS_DEPLOYMENT_TARGET = 18.4;
				MARKETING_VERSION = 1.0;
				PRODUCT_BUNDLE_IDENTIFIER = com.marianoabi.LevelUpTests;
				PRODUCT_NAME = "$(TARGET_NAME)";
				SWIFT_EMIT_LOC_STRINGS = NO;
				SWIFT_VERSION = 5.0;
				TARGETED_DEVICE_FAMILY = "1,2";
				TEST_HOST = "$(BUILT_PRODUCTS_DIR)/LevelUp.app/$(BUNDLE_EXECUTABLE_FOLDER_PATH)/LevelUp";
			};
			name = Debug;
		};
		FCD30A082DCBC14200271401 /* Release */ = {
			isa = XCBuildConfiguration;
			buildSettings = {
				BUNDLE_LOADER = "$(TEST_HOST)";
				CODE_SIGN_STYLE = Automatic;
				CURRENT_PROJECT_VERSION = 1;
				GENERATE_INFOPLIST_FILE = YES;
				IPHONEOS_DEPLOYMENT_TARGET = 18.4;
				MARKETING_VERSION = 1.0;
				PRODUCT_BUNDLE_IDENTIFIER = com.marianoabi.LevelUpTests;
				PRODUCT_NAME = "$(TARGET_NAME)";
				SWIFT_EMIT_LOC_STRINGS = NO;
				SWIFT_VERSION = 5.0;
				TARGETED_DEVICE_FAMILY = "1,2";
				TEST_HOST = "$(BUILT_PRODUCTS_DIR)/LevelUp.app/$(BUNDLE_EXECUTABLE_FOLDER_PATH)/LevelUp";
			};
			name = Release;
		};
		FCD30A0A2DCBC14200271401 /* Debug */ = {
			isa = XCBuildConfiguration;
			buildSettings = {
				CODE_SIGN_STYLE = Automatic;
				CURRENT_PROJECT_VERSION = 1;
				GENERATE_INFOPLIST_FILE = YES;
				MARKETING_VERSION = 1.0;
				PRODUCT_BUNDLE_IDENTIFIER = com.marianoabi.LevelUpUITests;
				PRODUCT_NAME = "$(TARGET_NAME)";
				SWIFT_EMIT_LOC_STRINGS = NO;
				SWIFT_VERSION = 5.0;
				TARGETED_DEVICE_FAMILY = "1,2";
				TEST_TARGET_NAME = LevelUp;
			};
			name = Debug;
		};
		FCD30A0B2DCBC14200271401 /* Release */ = {
			isa = XCBuildConfiguration;
			buildSettings = {
				CODE_SIGN_STYLE = Automatic;
				CURRENT_PROJECT_VERSION = 1;
				GENERATE_INFOPLIST_FILE = YES;
				MARKETING_VERSION = 1.0;
				PRODUCT_BUNDLE_IDENTIFIER = com.marianoabi.LevelUpUITests;
				PRODUCT_NAME = "$(TARGET_NAME)";
				SWIFT_EMIT_LOC_STRINGS = NO;
				SWIFT_VERSION = 5.0;
				TARGETED_DEVICE_FAMILY = "1,2";
				TEST_TARGET_NAME = LevelUp;
			};
			name = Release;
		};
/* End XCBuildConfiguration section */

/* Begin XCConfigurationList section */
		FCD309D32DCBC14100271401 /* Build configuration list for PBXProject "LevelUp" */ = {
			isa = XCConfigurationList;
			buildConfigurations = (
				FCD30A042DCBC14200271401 /* Debug */,
				FCD30A052DCBC14200271401 /* Release */,
			);
			defaultConfigurationIsVisible = 0;
			defaultConfigurationName = Release;
		};
		FCD30A012DCBC14200271401 /* Build configuration list for PBXNativeTarget "LevelUp" */ = {
			isa = XCConfigurationList;
			buildConfigurations = (
				FCD30A022DCBC14200271401 /* Debug */,
				FCD30A032DCBC14200271401 /* Release */,
			);
			defaultConfigurationIsVisible = 0;
			defaultConfigurationName = Release;
		};
		FCD30A062DCBC14200271401 /* Build configuration list for PBXNativeTarget "LevelUpTests" */ = {
			isa = XCConfigurationList;
			buildConfigurations = (
				FCD30A072DCBC14200271401 /* Debug */,
				FCD30A082DCBC14200271401 /* Release */,
			);
			defaultConfigurationIsVisible = 0;
			defaultConfigurationName = Release;
		};
		FCD30A092DCBC14200271401 /* Build configuration list for PBXNativeTarget "LevelUpUITests" */ = {
			isa = XCConfigurationList;
			buildConfigurations = (
				FCD30A0A2DCBC14200271401 /* Debug */,
				FCD30A0B2DCBC14200271401 /* Release */,
			);
			defaultConfigurationIsVisible = 0;
			defaultConfigurationName = Release;
		};
/* End XCConfigurationList section */

/* Begin XCRemoteSwiftPackageReference section */
		FCD30AE52DCC3DF600271401 /* XCRemoteSwiftPackageReference "SnapKit" */ = {
			isa = XCRemoteSwiftPackageReference;
			repositoryURL = "https://github.com/SnapKit/SnapKit.git";
			requirement = {
				kind = upToNextMajorVersion;
				minimumVersion = 5.7.1;
			};
		};
/* End XCRemoteSwiftPackageReference section */

/* Begin XCSwiftPackageProductDependency section */
		FCD30AE62DCC3DF600271401 /* SnapKit */ = {
			isa = XCSwiftPackageProductDependency;
			package = FCD30AE52DCC3DF600271401 /* XCRemoteSwiftPackageReference "SnapKit" */;
			productName = SnapKit;
		};
/* End XCSwiftPackageProductDependency section */
	};
	rootObject = FCD309D02DCBC14100271401 /* Project object */;
}
